
Microsoft Visual Studio Solution File, Format Version 12.00
# Visual Studio Version 16
VisualStudioVersion = 16.0.29209.62
MinimumVisualStudioVersion = 10.0.40219.1
Project("{FAE04EC0-301F-11D3-BF4B-00C04F79EFBC}") = "Arvauspeli", "Arvauspeli.csproj", "{1CD7FADE-27BC-4074-BE14-55096A832FBA}"
EndProject
Global
	GlobalSection(SolutionConfigurationPlatforms) = preSolution
		Debug|Any CPU = Debug|Any CPU
		Release|Any CPU = Release|Any CPU
	EndGlobalSection
	GlobalSection(ProjectConfigurationPlatforms) = postSolution
		{1CD7FADE-27BC-4074-BE14-55096A832FBA}.Debug|Any CPU.ActiveCfg = Debug|Any CPU
		{1CD7FADE-27BC-4074-BE14-55096A832FBA}.Debug|Any CPU.Build.0 = Debug|Any CPU
		{1CD7FADE-27BC-4074-BE14-55096A832FBA}.Release|Any CPU.ActiveCfg = Release|Any CPU
		{1CD7FADE-27BC-4074-BE14-55096A832FBA}.Release|Any CPU.Build.0 = Release|Any CPU
	EndGlobalSection
	GlobalSection(SolutionProperties) = preSolution
		HideSolutionNode = FALSE
	EndGlobalSection
	GlobalSection(ExtensibilityGlobals) = postSolution
		SolutionGuid = {BD69B781-F65F-4192-B46F-BBE9AFD85B0F}
	EndGlobalSection
EndGlobal
